{
    "_meta": {
        "hash": {
            "sha256": "8b0da3e7df0e40e265e0546f33ba79976a0af9a3fae120f0b6670dba9a8c4490"
        },
        "pipfile-spec": 6,
        "requires": {
            "python_version": "3.6"
        },
        "sources": [
            {
                "name": "pypi",
                "url": "https://pypi.org/simple",
                "verify_ssl": true
            }
        ]
    },
    "default": {
        "certifi": {
            "hashes": [
                "sha256:4c1d68a1408dd090d2f3a869aa94c3947cc1d967821d1ed303208c9f41f0f2f4",
                "sha256:b6e8b28b2b7e771a41ecdd12d4d43262ecab52adebbafa42c77d6b57fb6ad3a4"
            ],
            "version": "==2018.8.13"
        },
        "chardet": {
            "hashes": [
                "sha256:84ab92ed1c4d4f16916e05906b6b75a6c0fb5db821cc65e70cbd64a3e2a5eaae",
                "sha256:fc323ffcaeaed0e0a02bf4d117757b98aed530d9ed4531e3e15460124c106691"
            ],
            "version": "==3.0.4"
        },
        "click": {
            "hashes": [
                "sha256:29f99fc6125fbc931b758dc053b3114e55c77a6e4c6c3a2674a2dc986016381d",
                "sha256:f15516df478d5a56180fbf80e68f206010e6d160fc39fa508b65e035fd75130b"
            ],
            "version": "==6.7"
        },
        "flask": {
            "hashes": [
                "sha256:2271c0070dbcb5275fad4a82e29f23ab92682dc45f9dfbc22c02ba9b9322ce48",
                "sha256:a080b744b7e345ccfcbc77954861cb05b3c63786e93f2b3875e0913d44b43f05"
            ],
            "index": "pypi",
            "version": "==1.0.2"
        },
        "flask-cors": {
            "hashes": [
                "sha256:e4c8fc15d3e4b4cce6d3b325f2bab91e0e09811a61f50d7a53493bc44242a4f1",
                "sha256:ecc016c5b32fa5da813ec8d272941cfddf5f6bba9060c405a70285415cbf24c9"
            ],
            "index": "pypi",
            "version": "==3.0.6"
        },
        "gitdb2": {
            "hashes": [
                "sha256:87783b7f4a8f6b71c7fe81d32179b3c8781c1a7d6fa0c69bff2f315b00aff4f8",
                "sha256:bb4c85b8a58531c51373c89f92163b92f30f81369605a67cd52d1fc21246c044"
            ],
            "version": "==2.0.4"
        },
        "gitpython": {
            "hashes": [
                "sha256:563221e5a44369c6b79172f455584c9ebbb122a13368cc82cb4b5addff788f82",
                "sha256:8237dc5bfd6f1366abeee5624111b9d6879393d84745a507de0fda86043b65a8"
            ],
            "index": "pypi",
            "version": "==2.1.11"
        },
        "idna": {
            "hashes": [
                "sha256:156a6814fb5ac1fc6850fb002e0852d56c0c8d2531923a51032d1b70760e186e",
                "sha256:684a38a6f903c1d71d6d5fac066b58d7768af4de2b832e426ec79c30daa94a16"
            ],
            "version": "==2.7"
        },
        "itsdangerous": {
            "hashes": [
                "sha256:cbb3fcf8d3e33df861709ecaf89d9e6629cff0a217bc2848f1b41cd30d360519"
            ],
            "version": "==0.24"
        },
        "jinja2": {
            "hashes": [
                "sha256:74c935a1b8bb9a3947c50a54766a969d4846290e1e788ea44c1392163723c3bd",
                "sha256:f84be1bb0040caca4cea721fcbbbbd61f9be9464ca236387158b0feea01914a4"
            ],
            "version": "==2.10"
        },
        "markupsafe": {
            "hashes": [
                "sha256:a6be69091dac236ea9c6bc7d012beab42010fa914c459791d627dad4910eb665"
            ],
            "version": "==1.0"
        },
        "neo4j-driver": {
            "hashes": [
                "sha256:77f9bba18167fa533b0f4caa1458b7523632756fc356677f4e2f10885106cf01"
            ],
            "index": "pypi",
            "version": "==1.6.1"
        },
        "neotime": {
            "hashes": [
                "sha256:849f2e7a67204d67d4cb57c523b6e1cf4d36baf105197294fee6585e76ebc632"
            ],
            "version": "==1.0.0"
        },
        "python-http-client": {
            "hashes": [
                "sha256:7e430f4b9dd2b621b0051f6a362f103447ea8e267594c602a5c502a0c694ee38"
            ],
            "version": "==3.1.0"
        },
        "pytz": {
            "hashes": [
                "sha256:a061aa0a9e06881eb8b3b2b43f05b9439d6583c206d0a6c340ff72a7b6669053",
                "sha256:ffb9ef1de172603304d9d2819af6f5ece76f2e85ec10692a524dd876e72bf277"
            ],
            "version": "==2018.5"
        },
        "requests": {
            "hashes": [
                "sha256:63b52e3c866428a224f97cab011de738c36aec0185aa91cfacd418b5d58911d1",
                "sha256:ec22d826a36ed72a7358ff3fe56cbd4ba69dd7a6718ffd450ff0e9df7a47ce6a"
            ],
            "index": "pypi",
            "version": "==2.19.1"
        },
        "sendgrid": {
            "hashes": [
                "sha256:008b7713bef37660d5e3e9fb56ff46fbab79dc08c990eb4fa073efb5c4850a9a",
                "sha256:d2322bfbf320242c83e61a27a64f7d77af4280863da7efd55f2e50d7be373fc7"
            ],
            "index": "pypi",
            "version": "==5.4.1"
        },
        "six": {
            "hashes": [
                "sha256:70e8a77beed4562e7f14fe23a786b54f6296e34344c23bc42f07b15018ff98e9",
                "sha256:832dc0e10feb1aa2c68dcc57dbb658f1c7e65b9b61af69048abc87a2db00a0eb"
            ],
            "version": "==1.11.0"
        },
        "smmap2": {
            "hashes": [
                "sha256:0dd53d991af487f9b22774fa89451358da3607c02b9b886a54736c6a313ece0b",
                "sha256:dc216005e529d57007ace27048eb336dcecb7fc413cfb3b2f402bb25972b69c6"
            ],
            "version": "==2.0.4"
        },
        "urllib3": {
            "hashes": [
                "sha256:a68ac5e15e76e7e5dd2b8f94007233e01effe3e50e8daddf69acfd81cb686baf",
                "sha256:b5725a0bd4ba422ab0e66e89e030c806576753ea3ee08554382c14e685d117b5"
            ],
            "markers": "python_version != '3.3.*' and python_version >= '2.6' and python_version != '3.2.*' and python_version != '3.0.*' and python_version < '4' and python_version != '3.1.*'",
            "version": "==1.23"
        },
        "werkzeug": {
            "hashes": [
                "sha256:c3fd7a7d41976d9f44db327260e263132466836cef6f91512889ed60ad26557c",
                "sha256:d5da73735293558eb1651ee2fddc4d0dedcfa06538b8813a2e20011583c9e49b"
            ],
            "version": "==0.14.1"
        }
    },
    "develop": {}
}
